
Microsoft Visual Studio Solution File, Format Version 12.00
# Visual Studio Version 17
VisualStudioVersion = 17.0.31903.59
MinimumVisualStudioVersion = 10.0.40219.1
Project("{FAE04EC0-301F-11D3-BF4B-00C04F79EFBC}") = "GlobalCalc.Web", "GlobalCalc.Web\GlobalCalc.Web.csproj", "{A7CF851A-2C78-4168-B04F-54E27C34FCE8}"
EndProject
Project("{FAE04EC0-301F-11D3-BF4B-00C04F79EFBC}") = "GlobalCalc.DataLayer", "GlobalCalc.DataLayer\GlobalCalc.DataLayer.csproj", "{14774406-295B-4686-8E87-E3C31DF0EAAC}"
EndProject
Project("{FAE04EC0-301F-11D3-BF4B-00C04F79EFBC}") = "GlobalCalc.Shared", "GlobalCalc.Shared\GlobalCalc.Shared.csproj", "{443C2D76-4B8D-454F-B3F7-2384BC1F6ED4}"
EndProject
Global
	GlobalSection(SolutionConfigurationPlatforms) = preSolution
		Debug|Any CPU = Debug|Any CPU
		Release|Any CPU = Release|Any CPU
	EndGlobalSection
	GlobalSection(SolutionProperties) = preSolution
		HideSolutionNode = FALSE
	EndGlobalSection
	GlobalSection(ProjectConfigurationPlatforms) = postSolution
		{A7CF851A-2C78-4168-B04F-54E27C34FCE8}.Debug|Any CPU.ActiveCfg = Debug|Any CPU
		{A7CF851A-2C78-4168-B04F-54E27C34FCE8}.Debug|Any CPU.Build.0 = Debug|Any CPU
		{A7CF851A-2C78-4168-B04F-54E27C34FCE8}.Release|Any CPU.ActiveCfg = Release|Any CPU
		{A7CF851A-2C78-4168-B04F-54E27C34FCE8}.Release|Any CPU.Build.0 = Release|Any CPU
		{14774406-295B-4686-8E87-E3C31DF0EAAC}.Debug|Any CPU.ActiveCfg = Debug|Any CPU
		{14774406-295B-4686-8E87-E3C31DF0EAAC}.Debug|Any CPU.Build.0 = Debug|Any CPU
		{14774406-295B-4686-8E87-E3C31DF0EAAC}.Release|Any CPU.ActiveCfg = Release|Any CPU
		{14774406-295B-4686-8E87-E3C31DF0EAAC}.Release|Any CPU.Build.0 = Release|Any CPU
		{443C2D76-4B8D-454F-B3F7-2384BC1F6ED4}.Debug|Any CPU.ActiveCfg = Debug|Any CPU
		{443C2D76-4B8D-454F-B3F7-2384BC1F6ED4}.Debug|Any CPU.Build.0 = Debug|Any CPU
		{443C2D76-4B8D-454F-B3F7-2384BC1F6ED4}.Release|Any CPU.ActiveCfg = Release|Any CPU
		{443C2D76-4B8D-454F-B3F7-2384BC1F6ED4}.Release|Any CPU.Build.0 = Release|Any CPU
	EndGlobalSection
EndGlobal
